
Microsoft Visual Studio Solution File, Format Version 12.00
# Visual Studio Version 17
VisualStudioVersion = 17.2.32516.85
MinimumVisualStudioVersion = 10.0.40219.1
Project("{FAE04EC0-301F-11D3-BF4B-00C04F79EFBC}") = "ProyAvanzWeb.Tarea2", "ProyAvanzWeb.Tarea2\ProyAvanzWeb.Tarea2.csproj", "{3C1FD5BF-4701-4EFB-A346-66CCB927C8D5}"
EndProject
Global
	GlobalSection(SolutionConfigurationPlatforms) = preSolution
		Debug|Any CPU = Debug|Any CPU
		Release|Any CPU = Release|Any CPU
	EndGlobalSection
	GlobalSection(ProjectConfigurationPlatforms) = postSolution
		{3C1FD5BF-4701-4EFB-A346-66CCB927C8D5}.Debug|Any CPU.ActiveCfg = Debug|Any CPU
		{3C1FD5BF-4701-4EFB-A346-66CCB927C8D5}.Debug|Any CPU.Build.0 = Debug|Any CPU
		{3C1FD5BF-4701-4EFB-A346-66CCB927C8D5}.Release|Any CPU.ActiveCfg = Release|Any CPU
		{3C1FD5BF-4701-4EFB-A346-66CCB927C8D5}.Release|Any CPU.Build.0 = Release|Any CPU
	EndGlobalSection
	GlobalSection(SolutionProperties) = preSolution
		HideSolutionNode = FALSE
	EndGlobalSection
	GlobalSection(ExtensibilityGlobals) = postSolution
		SolutionGuid = {82B4A0EA-A105-4C76-91A8-2BC9B4B975E6}
	EndGlobalSection
EndGlobal
